<?xml version="1.0" encoding="utf-8"?>
<Project ToolsVersion="4.0" xmlns="http://schemas.microsoft.com/developer/msbuild/2003">
  <ItemGroup>
    <Filter Include="WindowsApp">
      <UniqueIdentifier>{c8ae9411-9e8b-4907-97fe-4caf1ac4856e}</UniqueIdentifier>
    </Filter>
    <Filter Include="WindowsApp\Resource Files">
      <UniqueIdentifier>{67DA6AB6-F800-4c08-8B7A-83BB121AAD01}</UniqueIdentifier>
      <Extensions>rc;ico;cur;bmp;dlg;rc2;rct;bin;rgs;gif;jpg;jpeg;jpe;resx;tiff;tif;png;wav;mfcribbon-ms</Extensions>
    </Filter>
    <Filter Include="WindowsApp\Source Files">
      <UniqueIdentifier>{4FC737F1-C7A5-4376-A066-2A32D752A2FF}</UniqueIdentifier>
      <Extensions>cpp;c;cc;cxx;def;odl;idl;hpj;bat;asm;asmx</Extensions>
    </Filter>
    <Filter Include="WindowsApp\Header Files">
      <UniqueIdentifier>{93995380-89BD-4b04-88EB-625FBE52EBFB}</UniqueIdentifier>
      <Extensions>h;hh;hpp;hxx;hm;inl;inc;xsd</Extensions>
    </Filter>
    <Filter Include="srt">
      <UniqueIdentifier>{7d3f741b-3ce2-4ea9-ad13-92f219290bd0}</UniqueIdentifier>
    </Filter>
    <Filter Include="srt\Graphic">
      <UniqueIdentifier>{00346cfe-c55a-4268-8a6a-b47b23da8e52}</UniqueIdentifier>
    </Filter>
    <Filter Include="srt\Math">
      <UniqueIdentifier>{cecb285e-6d0e-46dc-8470-ce8c5161904c}</UniqueIdentifier>
    </Filter>
    <Filter Include="srt\Scene">
      <UniqueIdentifier>{6fd88d61-7285-4558-a28d-9a2c801ab2b2}</UniqueIdentifier>
    </Filter>
    <Filter Include="Lighting">
      <UniqueIdentifier>{1aa107b8-a589-40e4-8e9c-53060906641d}</UniqueIdentifier>
    </Filter>
    <Filter Include="srt\Application">
      <UniqueIdentifier>{c4fbf637-1348-448e-b6e9-502df58c8d75}</UniqueIdentifier>
    </Filter>
    <Filter Include="srt\JobScheduler">
      <UniqueIdentifier>{70eac0b0-aee2-403e-b734-9466ccc99633}</UniqueIdentifier>
    </Filter>
  </ItemGroup>
  <ItemGroup>
    <Text Include="ReadMe.txt" />
  </ItemGroup>
  <ItemGroup>
    <ClInclude Include="targetver.h">
      <Filter>WindowsApp\Header Files</Filter>
    </ClInclude>
    <ClInclude Include="Resource.h">
      <Filter>WindowsApp\Header Files</Filter>
    </ClInclude>
    <ClInclude Include="srt\Base.h">
      <Filter>srt</Filter>
    </ClInclude>
    <ClInclude Include="srt\Graphic\Texture.h">
      <Filter>srt\Graphic</Filter>
    </ClInclude>
    <ClInclude Include="srt\Graphic\Image.h">
      <Filter>srt\Graphic</Filter>
    </ClInclude>
    <ClInclude Include="srt\Graphic\Types.h">
      <Filter>srt\Graphic</Filter>
    </ClInclude>
    <ClInclude Include="srt\Math\Vector3.h">
      <Filter>srt\Math</Filter>
    </ClInclude>
    <ClInclude Include="srt\Graphic\OutputDevice.h">
      <Filter>srt\Graphic</Filter>
    </ClInclude>
    <ClInclude Include="srt\Math\Ray.h">
      <Filter>srt\Math</Filter>
    </ClInclude>
    <ClInclude Include="srt\Math\Vector4.h">
      <Filter>srt\Math</Filter>
    </ClInclude>
    <ClInclude Include="srt\Math\RayHitTest.h">
      <Filter>srt\Math</Filter>
    </ClInclude>
    <ClInclude Include="srt\Scene\Scene.h">
      <Filter>srt\Scene</Filter>
    </ClInclude>
    <ClInclude Include="srt\Scene\SceneObject.h">
      <Filter>srt\Scene</Filter>
    </ClInclude>
    <ClInclude Include="srt\Graphic\Material.h">
      <Filter>srt\Graphic</Filter>
    </ClInclude>
    <ClInclude Include="srt\Scene\Sphere.h">
      <Filter>srt\Scene</Filter>
    </ClInclude>
    <ClInclude Include="srt\Math\Random.h">
      <Filter>srt\Math</Filter>
    </ClInclude>
    <ClInclude Include="srt\Scene\Light.h">
      <Filter>srt\Scene</Filter>
    </ClInclude>
    <ClInclude Include="srt\Math\MathUtils.h">
      <Filter>srt\Math</Filter>
    </ClInclude>
    <ClInclude Include="srt\Lighting\LightingUtils.h">
      <Filter>Lighting</Filter>
    </ClInclude>
    <ClInclude Include="srt\Scene\Camera.h">
      <Filter>srt\Scene</Filter>
    </ClInclude>
    <ClInclude Include="srt\SrtApplication.h">
      <Filter>srt</Filter>
    </ClInclude>
    <ClInclude Include="srt\Application\Application.h">
      <Filter>srt\Application</Filter>
    </ClInclude>
    <ClInclude Include="srt\Graphic\WMOutputDevice.h">
      <Filter>srt\Graphic</Filter>
    </ClInclude>
    <ClInclude Include="srt\Application\InputDevice.h">
      <Filter>srt\Application</Filter>
    </ClInclude>
    <ClInclude Include="srt\Scene\SceneTraceResult.h">
      <Filter>srt\Scene</Filter>
    </ClInclude>
    <ClInclude Include="srt\JobScheduler\JobScheduler.h">
      <Filter>srt\JobScheduler</Filter>
    </ClInclude>
    <ClInclude Include="srt\RenderJob.h">
      <Filter>srt</Filter>
    </ClInclude>
    <ClInclude Include="srt\RenderJobPBR.h">
      <Filter>srt</Filter>
    </ClInclude>
  </ItemGroup>
  <ItemGroup>
    <ClCompile Include="srt.cpp">
      <Filter>WindowsApp\Source Files</Filter>
    </ClCompile>
    <ClCompile Include="srt\Graphic\Image.cpp">
      <Filter>srt\Graphic</Filter>
    </ClCompile>
    <ClCompile Include="srt\Math\RayHitTest.cpp">
      <Filter>srt\Math</Filter>
    </ClCompile>
    <ClCompile Include="srt\Scene\Scene.cpp">
      <Filter>srt\Scene</Filter>
    </ClCompile>
    <ClCompile Include="srt\Scene\SceneObject.cpp">
      <Filter>srt\Scene</Filter>
    </ClCompile>
    <ClCompile Include="srt\Scene\Sphere.cpp">
      <Filter>srt\Scene</Filter>
    </ClCompile>
    <ClCompile Include="srt\Math\Random.cpp">
      <Filter>srt\Math</Filter>
    </ClCompile>
    <ClCompile Include="srt\Scene\Light.cpp">
      <Filter>srt\Scene</Filter>
    </ClCompile>
    <ClCompile Include="srt\Math\MathUtils.cpp">
      <Filter>srt\Math</Filter>
    </ClCompile>
    <ClCompile Include="srt\Graphic\OutputDevice.cpp">
      <Filter>srt\Graphic</Filter>
    </ClCompile>
    <ClCompile Include="srt\Lighting\LightingUtils.cpp">
      <Filter>Lighting</Filter>
    </ClCompile>
    <ClCompile Include="srt\Scene\Camera.cpp">
      <Filter>srt\Scene</Filter>
    </ClCompile>
    <ClCompile Include="srt\SrtApplication.cpp">
      <Filter>srt</Filter>
    </ClCompile>
    <ClCompile Include="srt\Application\Application.cpp">
      <Filter>srt\Application</Filter>
    </ClCompile>
    <ClCompile Include="srt\Graphic\WMOutputDevice.cpp">
      <Filter>srt\Graphic</Filter>
    </ClCompile>
    <ClCompile Include="srt\Application\ApplicationWindows.cpp">
      <Filter>srt\Application</Filter>
    </ClCompile>
    <ClCompile Include="srt\JobScheduler\JobScheduler.cpp">
      <Filter>srt\JobScheduler</Filter>
    </ClCompile>
    <ClCompile Include="srt\RenderJob.cpp">
      <Filter>srt</Filter>
    </ClCompile>
    <ClCompile Include="srt\RenderJobPBR.cpp">
      <Filter>srt</Filter>
    </ClCompile>
  </ItemGroup>
  <ItemGroup>
    <ResourceCompile Include="srt.rc">
      <Filter>WindowsApp\Resource Files</Filter>
    </ResourceCompile>
  </ItemGroup>
  <ItemGroup>
    <Image Include="small.ico">
      <Filter>WindowsApp\Resource Files</Filter>
    </Image>
    <Image Include="srt.ico">
      <Filter>WindowsApp\Resource Files</Filter>
    </Image>
  </ItemGroup>
</Project>