<?xml version="1.0" encoding="utf-8"?>
<Project ToolsVersion="4.0" xmlns="http://schemas.microsoft.com/developer/msbuild/2003">
  <ItemGroup>
    <Filter Include="WindowsApp">
      <UniqueIdentifier>{c8ae9411-9e8b-4907-97fe-4caf1ac4856e}</UniqueIdentifier>
    </Filter>
    <Filter Include="WindowsApp\Resource Files">
      <UniqueIdentifier>{67DA6AB6-F800-4c08-8B7A-83BB121AAD01}</UniqueIdentifier>
      <Extensions>rc;ico;cur;bmp;dlg;rc2;rct;bin;rgs;gif;jpg;jpeg;jpe;resx;tiff;tif;png;wav;mfcribbon-ms</Extensions>
    </Filter>
    <Filter Include="WindowsApp\Source Files">
      <UniqueIdentifier>{4FC737F1-C7A5-4376-A066-2A32D752A2FF}</UniqueIdentifier>
      <Extensions>cpp;c;cc;cxx;def;odl;idl;hpj;bat;asm;asmx</Extensions>
    </Filter>
    <Filter Include="WindowsApp\Header Files">
      <UniqueIdentifier>{93995380-89BD-4b04-88EB-625FBE52EBFB}</UniqueIdentifier>
      <Extensions>h;hh;hpp;hxx;hm;inl;inc;xsd</Extensions>
    </Filter>
    <Filter Include="srt">
      <UniqueIdentifier>{7d3f741b-3ce2-4ea9-ad13-92f219290bd0}</UniqueIdentifier>
    </Filter>
    <Filter Include="srt\Graphic">
      <UniqueIdentifier>{00346cfe-c55a-4268-8a6a-b47b23da8e52}</UniqueIdentifier>
    </Filter>
    <Filter Include="srt\Math">
      <UniqueIdentifier>{cecb285e-6d0e-46dc-8470-ce8c5161904c}</UniqueIdentifier>
    </Filter>
  </ItemGroup>
  <ItemGroup>
    <Text Include="ReadMe.txt" />
  </ItemGroup>
  <ItemGroup>
    <ClInclude Include="targetver.h">
      <Filter>WindowsApp\Header Files</Filter>
    </ClInclude>
    <ClInclude Include="Resource.h">
      <Filter>WindowsApp\Header Files</Filter>
    </ClInclude>
    <ClInclude Include="srt\Base.h">
      <Filter>srt</Filter>
    </ClInclude>
    <ClInclude Include="srt\Graphic\Texture.h">
      <Filter>srt\Graphic</Filter>
    </ClInclude>
    <ClInclude Include="srt\Graphic\Image.h">
      <Filter>srt\Graphic</Filter>
    </ClInclude>
    <ClInclude Include="srt\Graphic\Types.h">
      <Filter>srt\Graphic</Filter>
    </ClInclude>
    <ClInclude Include="srt\Math\Vector3.h">
      <Filter>srt\Math</Filter>
    </ClInclude>
    <ClInclude Include="srt\Application.h">
      <Filter>srt</Filter>
    </ClInclude>
    <ClInclude Include="srt\Graphic\OutputDevice.h">
      <Filter>srt\Graphic</Filter>
    </ClInclude>
    <ClInclude Include="srt\Graphic\DIBDevice.h">
      <Filter>srt\Graphic</Filter>
    </ClInclude>
    <ClInclude Include="srt\Math\Ray.h">
      <Filter>srt\Math</Filter>
    </ClInclude>
  </ItemGroup>
  <ItemGroup>
    <ClCompile Include="srt.cpp">
      <Filter>WindowsApp\Source Files</Filter>
    </ClCompile>
    <ClCompile Include="srt\Graphic\Image.cpp">
      <Filter>srt\Graphic</Filter>
    </ClCompile>
    <ClCompile Include="srt\Application.cpp">
      <Filter>srt</Filter>
    </ClCompile>
    <ClCompile Include="srt\Graphic\DIBDevice.cpp">
      <Filter>srt\Graphic</Filter>
    </ClCompile>
  </ItemGroup>
  <ItemGroup>
    <ResourceCompile Include="srt.rc">
      <Filter>WindowsApp\Resource Files</Filter>
    </ResourceCompile>
  </ItemGroup>
  <ItemGroup>
    <Image Include="small.ico">
      <Filter>WindowsApp\Resource Files</Filter>
    </Image>
    <Image Include="srt.ico">
      <Filter>WindowsApp\Resource Files</Filter>
    </Image>
  </ItemGroup>
</Project>